// !$*UTF8*$!
{
	archiveVersion = 1;
	classes = {
	};
	objectVersion = 52;
	objects = {

/* Begin PBXBuildFile section */
		DA3A940C251F294200E098D5 /* RepositoryListViewController.swift in Sources */ = {isa = PBXBuildFile; fileRef = DA3A940B251F294200E098D5 /* RepositoryListViewController.swift */; };
		DA3A940E251F296A00E098D5 /* RepositoryDetailsViewController.swift in Sources */ = {isa = PBXBuildFile; fileRef = DA3A940D251F296A00E098D5 /* RepositoryDetailsViewController.swift */; };
		DA3A944B2520F82800E098D5 /* RepositoryTableViewCell.swift in Sources */ = {isa = PBXBuildFile; fileRef = DA3A944A2520F82800E098D5 /* RepositoryTableViewCell.swift */; };
		DA3A94522521023200E098D5 /* RepositoryListViewModel.swift in Sources */ = {isa = PBXBuildFile; fileRef = DA3A94502521014E00E098D5 /* RepositoryListViewModel.swift */; };
		DA3A94552521031800E098D5 /* AppDIContainer.swift in Sources */ = {isa = PBXBuildFile; fileRef = DA3A94542521031800E098D5 /* AppDIContainer.swift */; };
		DA3A945825210A4B00E098D5 /* AppFlowCoordinator.swift in Sources */ = {isa = PBXBuildFile; fileRef = DA3A945725210A4B00E098D5 /* AppFlowCoordinator.swift */; };
		DA3A945C252114F100E098D5 /* RepositoryListViewController.storyboard in Resources */ = {isa = PBXBuildFile; fileRef = DA3A945B252114F000E098D5 /* RepositoryListViewController.storyboard */; };
		DA3A94612521B2F100E098D5 /* APIDataRepository.swift in Sources */ = {isa = PBXBuildFile; fileRef = DA3A94602521B2F100E098D5 /* APIDataRepository.swift */; };
		DA3A94632521B42E00E098D5 /* RepositoryViewModel.swift in Sources */ = {isa = PBXBuildFile; fileRef = DA3A94622521B42E00E098D5 /* RepositoryViewModel.swift */; };
		DAA7D1B02523827E005E7379 /* FetchRepositoriesUseCase.swift in Sources */ = {isa = PBXBuildFile; fileRef = DAA7D1AF2523827E005E7379 /* FetchRepositoriesUseCase.swift */; };
		DAD02EB92519394600EBF02F /* AppDelegate.swift in Sources */ = {isa = PBXBuildFile; fileRef = DAD02EB82519394600EBF02F /* AppDelegate.swift */; };
		DAD02EBB2519394600EBF02F /* SceneDelegate.swift in Sources */ = {isa = PBXBuildFile; fileRef = DAD02EBA2519394600EBF02F /* SceneDelegate.swift */; };
		DAD02EBD2519394600EBF02F /* ViewController.swift in Sources */ = {isa = PBXBuildFile; fileRef = DAD02EBC2519394600EBF02F /* ViewController.swift */; };
		DAD02EC02519394600EBF02F /* Main.storyboard in Resources */ = {isa = PBXBuildFile; fileRef = DAD02EBE2519394600EBF02F /* Main.storyboard */; };
		DAD02EC22519394B00EBF02F /* Assets.xcassets in Resources */ = {isa = PBXBuildFile; fileRef = DAD02EC12519394B00EBF02F /* Assets.xcassets */; };
		DAD02EC52519394B00EBF02F /* LaunchScreen.storyboard in Resources */ = {isa = PBXBuildFile; fileRef = DAD02EC32519394B00EBF02F /* LaunchScreen.storyboard */; };
		DAD02ED02519394C00EBF02F /* TrendingHubTests.swift in Sources */ = {isa = PBXBuildFile; fileRef = DAD02ECF2519394C00EBF02F /* TrendingHubTests.swift */; };
		DAE6567B251F28610070113A /* RxSwift in Frameworks */ = {isa = PBXBuildFile; productRef = DAE6567A251F28610070113A /* RxSwift */; };
		DAE6567D251F28610070113A /* RxTest in Frameworks */ = {isa = PBXBuildFile; productRef = DAE6567C251F28610070113A /* RxTest */; };
		DAE6567F251F28610070113A /* RxRelay in Frameworks */ = {isa = PBXBuildFile; productRef = DAE6567E251F28610070113A /* RxRelay */; };
		DAE65681251F28610070113A /* RxCocoa in Frameworks */ = {isa = PBXBuildFile; productRef = DAE65680251F28610070113A /* RxCocoa */; };
		DAE65683251F28610070113A /* RxBlocking in Frameworks */ = {isa = PBXBuildFile; productRef = DAE65682251F28610070113A /* RxBlocking */; };
		DAE65687251F286B0070113A /* User.swift in Sources */ = {isa = PBXBuildFile; fileRef = DAE65685251F286B0070113A /* User.swift */; };
		DAE65688251F286B0070113A /* Repository.swift in Sources */ = {isa = PBXBuildFile; fileRef = DAE65686251F286B0070113A /* Repository.swift */; };
/* End PBXBuildFile section */

/* Begin PBXContainerItemProxy section */
		DAD02ECC2519394C00EBF02F /* PBXContainerItemProxy */ = {
			isa = PBXContainerItemProxy;
			containerPortal = DAD02EAD2519394600EBF02F /* Project object */;
			proxyType = 1;
			remoteGlobalIDString = DAD02EB42519394600EBF02F;
			remoteInfo = TrendingHub;
		};
/* End PBXContainerItemProxy section */

/* Begin PBXFileReference section */
		DA3A940B251F294200E098D5 /* RepositoryListViewController.swift */ = {isa = PBXFileReference; lastKnownFileType = sourcecode.swift; path = RepositoryListViewController.swift; sourceTree = "<group>"; };
		DA3A940D251F296A00E098D5 /* RepositoryDetailsViewController.swift */ = {isa = PBXFileReference; lastKnownFileType = sourcecode.swift; path = RepositoryDetailsViewController.swift; sourceTree = "<group>"; };
		DA3A944A2520F82800E098D5 /* RepositoryTableViewCell.swift */ = {isa = PBXFileReference; lastKnownFileType = sourcecode.swift; name = RepositoryTableViewCell.swift; path = TrendingHub/Views/Cells/RepositoryTableViewCell.swift; sourceTree = SOURCE_ROOT; };
		DA3A94502521014E00E098D5 /* RepositoryListViewModel.swift */ = {isa = PBXFileReference; lastKnownFileType = sourcecode.swift; path = RepositoryListViewModel.swift; sourceTree = "<group>"; };
		DA3A94542521031800E098D5 /* AppDIContainer.swift */ = {isa = PBXFileReference; lastKnownFileType = sourcecode.swift; path = AppDIContainer.swift; sourceTree = "<group>"; };
		DA3A945725210A4B00E098D5 /* AppFlowCoordinator.swift */ = {isa = PBXFileReference; lastKnownFileType = sourcecode.swift; path = AppFlowCoordinator.swift; sourceTree = "<group>"; };
		DA3A945B252114F000E098D5 /* RepositoryListViewController.storyboard */ = {isa = PBXFileReference; lastKnownFileType = file.storyboard; path = RepositoryListViewController.storyboard; sourceTree = "<group>"; };
		DA3A94602521B2F100E098D5 /* APIDataRepository.swift */ = {isa = PBXFileReference; lastKnownFileType = sourcecode.swift; path = APIDataRepository.swift; sourceTree = "<group>"; };
		DA3A94622521B42E00E098D5 /* RepositoryViewModel.swift */ = {isa = PBXFileReference; lastKnownFileType = sourcecode.swift; path = RepositoryViewModel.swift; sourceTree = "<group>"; };
		DAA7D1AF2523827E005E7379 /* FetchRepositoriesUseCase.swift */ = {isa = PBXFileReference; lastKnownFileType = sourcecode.swift; path = FetchRepositoriesUseCase.swift; sourceTree = "<group>"; };
		DAD02EB52519394600EBF02F /* TrendingHub.app */ = {isa = PBXFileReference; explicitFileType = wrapper.application; includeInIndex = 0; path = TrendingHub.app; sourceTree = BUILT_PRODUCTS_DIR; };
		DAD02EB82519394600EBF02F /* AppDelegate.swift */ = {isa = PBXFileReference; lastKnownFileType = sourcecode.swift; path = AppDelegate.swift; sourceTree = "<group>"; };
		DAD02EBA2519394600EBF02F /* SceneDelegate.swift */ = {isa = PBXFileReference; lastKnownFileType = sourcecode.swift; path = SceneDelegate.swift; sourceTree = "<group>"; };
		DAD02EBC2519394600EBF02F /* ViewController.swift */ = {isa = PBXFileReference; lastKnownFileType = sourcecode.swift; path = ViewController.swift; sourceTree = "<group>"; };
		DAD02EBF2519394600EBF02F /* Base */ = {isa = PBXFileReference; lastKnownFileType = file.storyboard; name = Base; path = Base.lproj/Main.storyboard; sourceTree = "<group>"; };
		DAD02EC12519394B00EBF02F /* Assets.xcassets */ = {isa = PBXFileReference; lastKnownFileType = folder.assetcatalog; path = Assets.xcassets; sourceTree = "<group>"; };
		DAD02EC42519394B00EBF02F /* Base */ = {isa = PBXFileReference; lastKnownFileType = file.storyboard; name = Base; path = Base.lproj/LaunchScreen.storyboard; sourceTree = "<group>"; };
		DAD02EC62519394B00EBF02F /* Info.plist */ = {isa = PBXFileReference; lastKnownFileType = text.plist.xml; path = Info.plist; sourceTree = "<group>"; };
		DAD02ECB2519394C00EBF02F /* TrendingHubTests.xctest */ = {isa = PBXFileReference; explicitFileType = wrapper.cfbundle; includeInIndex = 0; path = TrendingHubTests.xctest; sourceTree = BUILT_PRODUCTS_DIR; };
		DAD02ECF2519394C00EBF02F /* TrendingHubTests.swift */ = {isa = PBXFileReference; lastKnownFileType = sourcecode.swift; path = TrendingHubTests.swift; sourceTree = "<group>"; };
		DAD02ED12519394C00EBF02F /* Info.plist */ = {isa = PBXFileReference; lastKnownFileType = text.plist.xml; path = Info.plist; sourceTree = "<group>"; };
		DAE65685251F286B0070113A /* User.swift */ = {isa = PBXFileReference; fileEncoding = 4; lastKnownFileType = sourcecode.swift; path = User.swift; sourceTree = "<group>"; };
		DAE65686251F286B0070113A /* Repository.swift */ = {isa = PBXFileReference; fileEncoding = 4; lastKnownFileType = sourcecode.swift; path = Repository.swift; sourceTree = "<group>"; };
/* End PBXFileReference section */

/* Begin PBXFrameworksBuildPhase section */
		DAD02EB22519394600EBF02F /* Frameworks */ = {
			isa = PBXFrameworksBuildPhase;
			buildActionMask = 2147483647;
			files = (
				DAE65681251F28610070113A /* RxCocoa in Frameworks */,
				DAE6567F251F28610070113A /* RxRelay in Frameworks */,
				DAE6567B251F28610070113A /* RxSwift in Frameworks */,
			);
			runOnlyForDeploymentPostprocessing = 0;
		};
		DAD02EC82519394C00EBF02F /* Frameworks */ = {
			isa = PBXFrameworksBuildPhase;
			buildActionMask = 2147483647;
			files = (
				DAE6567D251F28610070113A /* RxTest in Frameworks */,
				DAE65683251F28610070113A /* RxBlocking in Frameworks */,
			);
			runOnlyForDeploymentPostprocessing = 0;
		};
/* End PBXFrameworksBuildPhase section */

/* Begin PBXGroup section */
		DA3A940A251F291300E098D5 /* ViewControllers */ = {
			isa = PBXGroup;
			children = (
				DA3A940D251F296A00E098D5 /* RepositoryDetailsViewController.swift */,
			);
			path = ViewControllers;
			sourceTree = "<group>";
		};
		DA3A94482520F7B300E098D5 /* View */ = {
			isa = PBXGroup;
			children = (
				DA3A94492520F7BD00E098D5 /* Cells */,
			);
			path = View;
			sourceTree = "<group>";
		};
		DA3A94492520F7BD00E098D5 /* Cells */ = {
			isa = PBXGroup;
			children = (
				DA3A944A2520F82800E098D5 /* RepositoryTableViewCell.swift */,
			);
			path = Cells;
			sourceTree = "<group>";
		};
		DA3A944C2521008200E098D5 /* Presentation */ = {
			isa = PBXGroup;
			children = (
				DA3A944D2521008F00E098D5 /* RepositryList */,
			);
			path = Presentation;
			sourceTree = "<group>";
		};
		DA3A944D2521008F00E098D5 /* RepositryList */ = {
			isa = PBXGroup;
			children = (
				DA3A944F252100D000E098D5 /* View */,
				DA3A944E252100C700E098D5 /* ViewModel */,
			);
			path = RepositryList;
			sourceTree = "<group>";
		};
		DA3A944E252100C700E098D5 /* ViewModel */ = {
			isa = PBXGroup;
			children = (
				DA3A94502521014E00E098D5 /* RepositoryListViewModel.swift */,
				DA3A94622521B42E00E098D5 /* RepositoryViewModel.swift */,
			);
			path = ViewModel;
			sourceTree = "<group>";
		};
		DA3A944F252100D000E098D5 /* View */ = {
			isa = PBXGroup;
			children = (
				DA3A940B251F294200E098D5 /* RepositoryListViewController.swift */,
				DA3A945B252114F000E098D5 /* RepositoryListViewController.storyboard */,
			);
			path = View;
			sourceTree = "<group>";
		};
		DA3A9453252102B600E098D5 /* DependencyInjection */ = {
			isa = PBXGroup;
			children = (
				DA3A94542521031800E098D5 /* AppDIContainer.swift */,
			);
			path = DependencyInjection;
			sourceTree = "<group>";
		};
		DA3A945625210A3700E098D5 /* Coordinator */ = {
			isa = PBXGroup;
			children = (
				DA3A945725210A4B00E098D5 /* AppFlowCoordinator.swift */,
			);
			path = Coordinator;
			sourceTree = "<group>";
		};
		DA3A945D2521B29100E098D5 /* Repositories */ = {
			isa = PBXGroup;
			children = (
				DA3A94602521B2F100E098D5 /* APIDataRepository.swift */,
			);
			path = Repositories;
			sourceTree = "<group>";
		};
		DAA7D1AE25238260005E7379 /* UseCases */ = {
			isa = PBXGroup;
			children = (
				DAA7D1AF2523827E005E7379 /* FetchRepositoriesUseCase.swift */,
			);
			path = UseCases;
			sourceTree = "<group>";
		};
		DAD02EAC2519394600EBF02F = {
			isa = PBXGroup;
			children = (
				DAD02EB72519394600EBF02F /* TrendingHub */,
				DAD02ECE2519394C00EBF02F /* TrendingHubTests */,
				DAD02EB62519394600EBF02F /* Products */,
			);
			sourceTree = "<group>";
		};
		DAD02EB62519394600EBF02F /* Products */ = {
			isa = PBXGroup;
			children = (
				DAD02EB52519394600EBF02F /* TrendingHub.app */,
				DAD02ECB2519394C00EBF02F /* TrendingHubTests.xctest */,
			);
			name = Products;
			sourceTree = "<group>";
		};
		DAD02EB72519394600EBF02F /* TrendingHub */ = {
			isa = PBXGroup;
			children = (
				DA3A9453252102B600E098D5 /* DependencyInjection */,
				DAA7D1AE25238260005E7379 /* UseCases */,
				DA3A945D2521B29100E098D5 /* Repositories */,
				DA3A945625210A3700E098D5 /* Coordinator */,
				DAE65684251F286B0070113A /* Domain */,
				DA3A944C2521008200E098D5 /* Presentation */,
				DA3A94482520F7B300E098D5 /* View */,
				DA3A940A251F291300E098D5 /* ViewControllers */,
				DAD02EB82519394600EBF02F /* AppDelegate.swift */,
				DAD02EBA2519394600EBF02F /* SceneDelegate.swift */,
				DAD02EBC2519394600EBF02F /* ViewController.swift */,
				DAD02EBE2519394600EBF02F /* Main.storyboard */,
				DAD02EC12519394B00EBF02F /* Assets.xcassets */,
				DAD02EC32519394B00EBF02F /* LaunchScreen.storyboard */,
				DAD02EC62519394B00EBF02F /* Info.plist */,
			);
			path = TrendingHub;
			sourceTree = "<group>";
		};
		DAD02ECE2519394C00EBF02F /* TrendingHubTests */ = {
			isa = PBXGroup;
			children = (
				DAD02ECF2519394C00EBF02F /* TrendingHubTests.swift */,
				DAD02ED12519394C00EBF02F /* Info.plist */,
			);
			path = TrendingHubTests;
			sourceTree = "<group>";
		};
		DAE65684251F286B0070113A /* Domain */ = {
			isa = PBXGroup;
			children = (
				DAE65685251F286B0070113A /* User.swift */,
				DAE65686251F286B0070113A /* Repository.swift */,
			);
			path = Domain;
			sourceTree = "<group>";
		};
/* End PBXGroup section */

/* Begin PBXNativeTarget section */
		DAD02EB42519394600EBF02F /* TrendingHub */ = {
			isa = PBXNativeTarget;
			buildConfigurationList = DAD02ED42519394C00EBF02F /* Build configuration list for PBXNativeTarget "TrendingHub" */;
			buildPhases = (
				DAD02EB12519394600EBF02F /* Sources */,
				DAD02EB22519394600EBF02F /* Frameworks */,
				DAD02EB32519394600EBF02F /* Resources */,
			);
			buildRules = (
			);
			dependencies = (
			);
			name = TrendingHub;
			packageProductDependencies = (
				DAE6567A251F28610070113A /* RxSwift */,
				DAE6567E251F28610070113A /* RxRelay */,
				DAE65680251F28610070113A /* RxCocoa */,
			);
			productName = TrendingHub;
			productReference = DAD02EB52519394600EBF02F /* TrendingHub.app */;
			productType = "com.apple.product-type.application";
		};
		DAD02ECA2519394C00EBF02F /* TrendingHubTests */ = {
			isa = PBXNativeTarget;
			buildConfigurationList = DAD02ED72519394C00EBF02F /* Build configuration list for PBXNativeTarget "TrendingHubTests" */;
			buildPhases = (
				DAD02EC72519394C00EBF02F /* Sources */,
				DAD02EC82519394C00EBF02F /* Frameworks */,
				DAD02EC92519394C00EBF02F /* Resources */,
			);
			buildRules = (
			);
			dependencies = (
				DAD02ECD2519394C00EBF02F /* PBXTargetDependency */,
			);
			name = TrendingHubTests;
			packageProductDependencies = (
				DAE6567C251F28610070113A /* RxTest */,
				DAE65682251F28610070113A /* RxBlocking */,
			);
			productName = TrendingHubTests;
			productReference = DAD02ECB2519394C00EBF02F /* TrendingHubTests.xctest */;
			productType = "com.apple.product-type.bundle.unit-test";
		};
/* End PBXNativeTarget section */

/* Begin PBXProject section */
		DAD02EAD2519394600EBF02F /* Project object */ = {
			isa = PBXProject;
			attributes = {
				LastSwiftUpdateCheck = 1160;
				LastUpgradeCheck = 1160;
				ORGANIZATIONNAME = "Helloworld Association";
				TargetAttributes = {
					DAD02EB42519394600EBF02F = {
						CreatedOnToolsVersion = 11.6;
					};
					DAD02ECA2519394C00EBF02F = {
						CreatedOnToolsVersion = 11.6;
						TestTargetID = DAD02EB42519394600EBF02F;
					};
				};
			};
			buildConfigurationList = DAD02EB02519394600EBF02F /* Build configuration list for PBXProject "TrendingHub" */;
			compatibilityVersion = "Xcode 9.3";
			developmentRegion = en;
			hasScannedForEncodings = 0;
			knownRegions = (
				en,
				Base,
			);
			mainGroup = DAD02EAC2519394600EBF02F;
			packageReferences = (
				DAE65679251F28610070113A /* XCRemoteSwiftPackageReference "RxSwift" */,
			);
			productRefGroup = DAD02EB62519394600EBF02F /* Products */;
			projectDirPath = "";
			projectRoot = "";
			targets = (
				DAD02EB42519394600EBF02F /* TrendingHub */,
				DAD02ECA2519394C00EBF02F /* TrendingHubTests */,
			);
		};
/* End PBXProject section */

/* Begin PBXResourcesBuildPhase section */
		DAD02EB32519394600EBF02F /* Resources */ = {
			isa = PBXResourcesBuildPhase;
			buildActionMask = 2147483647;
			files = (
				DAD02EC52519394B00EBF02F /* LaunchScreen.storyboard in Resources */,
				DA3A945C252114F100E098D5 /* RepositoryListViewController.storyboard in Resources */,
				DAD02EC22519394B00EBF02F /* Assets.xcassets in Resources */,
				DAD02EC02519394600EBF02F /* Main.storyboard in Resources */,
			);
			runOnlyForDeploymentPostprocessing = 0;
		};
		DAD02EC92519394C00EBF02F /* Resources */ = {
			isa = PBXResourcesBuildPhase;
			buildActionMask = 2147483647;
			files = (
			);
			runOnlyForDeploymentPostprocessing = 0;
		};
/* End PBXResourcesBuildPhase section */

/* Begin PBXSourcesBuildPhase section */
		DAD02EB12519394600EBF02F /* Sources */ = {
			isa = PBXSourcesBuildPhase;
			buildActionMask = 2147483647;
			files = (
				DA3A940E251F296A00E098D5 /* RepositoryDetailsViewController.swift in Sources */,
				DA3A94632521B42E00E098D5 /* RepositoryViewModel.swift in Sources */,
				DAE65687251F286B0070113A /* User.swift in Sources */,
				DAD02EBD2519394600EBF02F /* ViewController.swift in Sources */,
				DA3A944B2520F82800E098D5 /* RepositoryTableViewCell.swift in Sources */,
				DA3A940C251F294200E098D5 /* RepositoryListViewController.swift in Sources */,
				DAE65688251F286B0070113A /* Repository.swift in Sources */,
				DA3A94552521031800E098D5 /* AppDIContainer.swift in Sources */,
				DA3A94522521023200E098D5 /* RepositoryListViewModel.swift in Sources */,
				DAD02EB92519394600EBF02F /* AppDelegate.swift in Sources */,
				DA3A945825210A4B00E098D5 /* AppFlowCoordinator.swift in Sources */,
				DA3A94612521B2F100E098D5 /* APIDataRepository.swift in Sources */,
				DAA7D1B02523827E005E7379 /* FetchRepositoriesUseCase.swift in Sources */,
				DAD02EBB2519394600EBF02F /* SceneDelegate.swift in Sources */,
			);
			runOnlyForDeploymentPostprocessing = 0;
		};
		DAD02EC72519394C00EBF02F /* Sources */ = {
			isa = PBXSourcesBuildPhase;
			buildActionMask = 2147483647;
			files = (
				DAD02ED02519394C00EBF02F /* TrendingHubTests.swift in Sources */,
			);
			runOnlyForDeploymentPostprocessing = 0;
		};
/* End PBXSourcesBuildPhase section */

/* Begin PBXTargetDependency section */
		DAD02ECD2519394C00EBF02F /* PBXTargetDependency */ = {
			isa = PBXTargetDependency;
			target = DAD02EB42519394600EBF02F /* TrendingHub */;
			targetProxy = DAD02ECC2519394C00EBF02F /* PBXContainerItemProxy */;
		};
/* End PBXTargetDependency section */

/* Begin PBXVariantGroup section */
		DAD02EBE2519394600EBF02F /* Main.storyboard */ = {
			isa = PBXVariantGroup;
			children = (
				DAD02EBF2519394600EBF02F /* Base */,
			);
			name = Main.storyboard;
			sourceTree = "<group>";
		};
		DAD02EC32519394B00EBF02F /* LaunchScreen.storyboard */ = {
			isa = PBXVariantGroup;
			children = (
				DAD02EC42519394B00EBF02F /* Base */,
			);
			name = LaunchScreen.storyboard;
			sourceTree = "<group>";
		};
/* End PBXVariantGroup section */

/* Begin XCBuildConfiguration section */
		DAD02ED22519394C00EBF02F /* Debug */ = {
			isa = XCBuildConfiguration;
			buildSettings = {
				ALWAYS_SEARCH_USER_PATHS = NO;
				CLANG_ANALYZER_NONNULL = YES;
				CLANG_ANALYZER_NUMBER_OBJECT_CONVERSION = YES_AGGRESSIVE;
				CLANG_CXX_LANGUAGE_STANDARD = "gnu++14";
				CLANG_CXX_LIBRARY = "libc++";
				CLANG_ENABLE_MODULES = YES;
				CLANG_ENABLE_OBJC_ARC = YES;
				CLANG_ENABLE_OBJC_WEAK = YES;
				CLANG_WARN_BLOCK_CAPTURE_AUTORELEASING = YES;
				CLANG_WARN_BOOL_CONVERSION = YES;
				CLANG_WARN_COMMA = YES;
				CLANG_WARN_CONSTANT_CONVERSION = YES;
				CLANG_WARN_DEPRECATED_OBJC_IMPLEMENTATIONS = YES;
				CLANG_WARN_DIRECT_OBJC_ISA_USAGE = YES_ERROR;
				CLANG_WARN_DOCUMENTATION_COMMENTS = YES;
				CLANG_WARN_EMPTY_BODY = YES;
				CLANG_WARN_ENUM_CONVERSION = YES;
				CLANG_WARN_INFINITE_RECURSION = YES;
				CLANG_WARN_INT_CONVERSION = YES;
				CLANG_WARN_NON_LITERAL_NULL_CONVERSION = YES;
				CLANG_WARN_OBJC_IMPLICIT_RETAIN_SELF = YES;
				CLANG_WARN_OBJC_LITERAL_CONVERSION = YES;
				CLANG_WARN_OBJC_ROOT_CLASS = YES_ERROR;
				CLANG_WARN_RANGE_LOOP_ANALYSIS = YES;
				CLANG_WARN_STRICT_PROTOTYPES = YES;
				CLANG_WARN_SUSPICIOUS_MOVE = YES;
				CLANG_WARN_UNGUARDED_AVAILABILITY = YES_AGGRESSIVE;
				CLANG_WARN_UNREACHABLE_CODE = YES;
				CLANG_WARN__DUPLICATE_METHOD_MATCH = YES;
				COPY_PHASE_STRIP = NO;
				DEBUG_INFORMATION_FORMAT = dwarf;
				ENABLE_STRICT_OBJC_MSGSEND = YES;
				ENABLE_TESTABILITY = YES;
				GCC_C_LANGUAGE_STANDARD = gnu11;
				GCC_DYNAMIC_NO_PIC = NO;
				GCC_NO_COMMON_BLOCKS = YES;
				GCC_OPTIMIZATION_LEVEL = 0;
				GCC_PREPROCESSOR_DEFINITIONS = (
					"DEBUG=1",
					"$(inherited)",
				);
				GCC_WARN_64_TO_32_BIT_CONVERSION = YES;
				GCC_WARN_ABOUT_RETURN_TYPE = YES_ERROR;
				GCC_WARN_UNDECLARED_SELECTOR = YES;
				GCC_WARN_UNINITIALIZED_AUTOS = YES_AGGRESSIVE;
				GCC_WARN_UNUSED_FUNCTION = YES;
				GCC_WARN_UNUSED_VARIABLE = YES;
				IPHONEOS_DEPLOYMENT_TARGET = 13.6;
				MTL_ENABLE_DEBUG_INFO = INCLUDE_SOURCE;
				MTL_FAST_MATH = YES;
				ONLY_ACTIVE_ARCH = YES;
				SDKROOT = iphoneos;
				SWIFT_ACTIVE_COMPILATION_CONDITIONS = DEBUG;
				SWIFT_OPTIMIZATION_LEVEL = "-Onone";
			};
			name = Debug;
		};
		DAD02ED32519394C00EBF02F /* Release */ = {
			isa = XCBuildConfiguration;
			buildSettings = {
				ALWAYS_SEARCH_USER_PATHS = NO;
				CLANG_ANALYZER_NONNULL = YES;
				CLANG_ANALYZER_NUMBER_OBJECT_CONVERSION = YES_AGGRESSIVE;
				CLANG_CXX_LANGUAGE_STANDARD = "gnu++14";
				CLANG_CXX_LIBRARY = "libc++";
				CLANG_ENABLE_MODULES = YES;
				CLANG_ENABLE_OBJC_ARC = YES;
				CLANG_ENABLE_OBJC_WEAK = YES;
				CLANG_WARN_BLOCK_CAPTURE_AUTORELEASING = YES;
				CLANG_WARN_BOOL_CONVERSION = YES;
				CLANG_WARN_COMMA = YES;
				CLANG_WARN_CONSTANT_CONVERSION = YES;
				CLANG_WARN_DEPRECATED_OBJC_IMPLEMENTATIONS = YES;
				CLANG_WARN_DIRECT_OBJC_ISA_USAGE = YES_ERROR;
				CLANG_WARN_DOCUMENTATION_COMMENTS = YES;
				CLANG_WARN_EMPTY_BODY = YES;
				CLANG_WARN_ENUM_CONVERSION = YES;
				CLANG_WARN_INFINITE_RECURSION = YES;
				CLANG_WARN_INT_CONVERSION = YES;
				CLANG_WARN_NON_LITERAL_NULL_CONVERSION = YES;
				CLANG_WARN_OBJC_IMPLICIT_RETAIN_SELF = YES;
				CLANG_WARN_OBJC_LITERAL_CONVERSION = YES;
				CLANG_WARN_OBJC_ROOT_CLASS = YES_ERROR;
				CLANG_WARN_RANGE_LOOP_ANALYSIS = YES;
				CLANG_WARN_STRICT_PROTOTYPES = YES;
				CLANG_WARN_SUSPICIOUS_MOVE = YES;
				CLANG_WARN_UNGUARDED_AVAILABILITY = YES_AGGRESSIVE;
				CLANG_WARN_UNREACHABLE_CODE = YES;
				CLANG_WARN__DUPLICATE_METHOD_MATCH = YES;
				COPY_PHASE_STRIP = NO;
				DEBUG_INFORMATION_FORMAT = "dwarf-with-dsym";
				ENABLE_NS_ASSERTIONS = NO;
				ENABLE_STRICT_OBJC_MSGSEND = YES;
				GCC_C_LANGUAGE_STANDARD = gnu11;
				GCC_NO_COMMON_BLOCKS = YES;
				GCC_WARN_64_TO_32_BIT_CONVERSION = YES;
				GCC_WARN_ABOUT_RETURN_TYPE = YES_ERROR;
				GCC_WARN_UNDECLARED_SELECTOR = YES;
				GCC_WARN_UNINITIALIZED_AUTOS = YES_AGGRESSIVE;
				GCC_WARN_UNUSED_FUNCTION = YES;
				GCC_WARN_UNUSED_VARIABLE = YES;
				IPHONEOS_DEPLOYMENT_TARGET = 13.6;
				MTL_ENABLE_DEBUG_INFO = NO;
				MTL_FAST_MATH = YES;
				SDKROOT = iphoneos;
				SWIFT_COMPILATION_MODE = wholemodule;
				SWIFT_OPTIMIZATION_LEVEL = "-O";
				VALIDATE_PRODUCT = YES;
			};
			name = Release;
		};
		DAD02ED52519394C00EBF02F /* Debug */ = {
			isa = XCBuildConfiguration;
			buildSettings = {
				ASSETCATALOG_COMPILER_APPICON_NAME = AppIcon;
				CODE_SIGN_STYLE = Automatic;
				INFOPLIST_FILE = TrendingHub/Info.plist;
				LD_RUNPATH_SEARCH_PATHS = (
					"$(inherited)",
					"@executable_path/Frameworks",
				);
				PRODUCT_BUNDLE_IDENTIFIER = com.project.TrendingHub;
				PRODUCT_NAME = "$(TARGET_NAME)";
				SWIFT_VERSION = 5.0;
				TARGETED_DEVICE_FAMILY = "1,2";
			};
			name = Debug;
		};
		DAD02ED62519394C00EBF02F /* Release */ = {
			isa = XCBuildConfiguration;
			buildSettings = {
				ASSETCATALOG_COMPILER_APPICON_NAME = AppIcon;
				CODE_SIGN_STYLE = Automatic;
				INFOPLIST_FILE = TrendingHub/Info.plist;
				LD_RUNPATH_SEARCH_PATHS = (
					"$(inherited)",
					"@executable_path/Frameworks",
				);
				PRODUCT_BUNDLE_IDENTIFIER = com.project.TrendingHub;
				PRODUCT_NAME = "$(TARGET_NAME)";
				SWIFT_VERSION = 5.0;
				TARGETED_DEVICE_FAMILY = "1,2";
			};
			name = Release;
		};
		DAD02ED82519394C00EBF02F /* Debug */ = {
			isa = XCBuildConfiguration;
			buildSettings = {
				ALWAYS_EMBED_SWIFT_STANDARD_LIBRARIES = YES;
				BUNDLE_LOADER = "$(TEST_HOST)";
				CODE_SIGN_STYLE = Automatic;
				INFOPLIST_FILE = TrendingHubTests/Info.plist;
				IPHONEOS_DEPLOYMENT_TARGET = 13.6;
				LD_RUNPATH_SEARCH_PATHS = (
					"$(inherited)",
					"@executable_path/Frameworks",
					"@loader_path/Frameworks",
				);
				PRODUCT_BUNDLE_IDENTIFIER = com.project.TrendingHubTests;
				PRODUCT_NAME = "$(TARGET_NAME)";
				SWIFT_VERSION = 5.0;
				TARGETED_DEVICE_FAMILY = "1,2";
				TEST_HOST = "$(BUILT_PRODUCTS_DIR)/TrendingHub.app/TrendingHub";
			};
			name = Debug;
		};
		DAD02ED92519394C00EBF02F /* Release */ = {
			isa = XCBuildConfiguration;
			buildSettings = {
				ALWAYS_EMBED_SWIFT_STANDARD_LIBRARIES = YES;
				BUNDLE_LOADER = "$(TEST_HOST)";
				CODE_SIGN_STYLE = Automatic;
				INFOPLIST_FILE = TrendingHubTests/Info.plist;
				IPHONEOS_DEPLOYMENT_TARGET = 13.6;
				LD_RUNPATH_SEARCH_PATHS = (
					"$(inherited)",
					"@executable_path/Frameworks",
					"@loader_path/Frameworks",
				);
				PRODUCT_BUNDLE_IDENTIFIER = com.project.TrendingHubTests;
				PRODUCT_NAME = "$(TARGET_NAME)";
				SWIFT_VERSION = 5.0;
				TARGETED_DEVICE_FAMILY = "1,2";
				TEST_HOST = "$(BUILT_PRODUCTS_DIR)/TrendingHub.app/TrendingHub";
			};
			name = Release;
		};
/* End XCBuildConfiguration section */

/* Begin XCConfigurationList section */
		DAD02EB02519394600EBF02F /* Build configuration list for PBXProject "TrendingHub" */ = {
			isa = XCConfigurationList;
			buildConfigurations = (
				DAD02ED22519394C00EBF02F /* Debug */,
				DAD02ED32519394C00EBF02F /* Release */,
			);
			defaultConfigurationIsVisible = 0;
			defaultConfigurationName = Release;
		};
		DAD02ED42519394C00EBF02F /* Build configuration list for PBXNativeTarget "TrendingHub" */ = {
			isa = XCConfigurationList;
			buildConfigurations = (
				DAD02ED52519394C00EBF02F /* Debug */,
				DAD02ED62519394C00EBF02F /* Release */,
			);
			defaultConfigurationIsVisible = 0;
			defaultConfigurationName = Release;
		};
		DAD02ED72519394C00EBF02F /* Build configuration list for PBXNativeTarget "TrendingHubTests" */ = {
			isa = XCConfigurationList;
			buildConfigurations = (
				DAD02ED82519394C00EBF02F /* Debug */,
				DAD02ED92519394C00EBF02F /* Release */,
			);
			defaultConfigurationIsVisible = 0;
			defaultConfigurationName = Release;
		};
/* End XCConfigurationList section */

/* Begin XCRemoteSwiftPackageReference section */
		DAE65679251F28610070113A /* XCRemoteSwiftPackageReference "RxSwift" */ = {
			isa = XCRemoteSwiftPackageReference;
			repositoryURL = "https://github.com/ReactiveX/RxSwift.git";
			requirement = {
				kind = upToNextMajorVersion;
				minimumVersion = 5.1.1;
			};
		};
/* End XCRemoteSwiftPackageReference section */

/* Begin XCSwiftPackageProductDependency section */
		DAE6567A251F28610070113A /* RxSwift */ = {
			isa = XCSwiftPackageProductDependency;
			package = DAE65679251F28610070113A /* XCRemoteSwiftPackageReference "RxSwift" */;
			productName = RxSwift;
		};
		DAE6567C251F28610070113A /* RxTest */ = {
			isa = XCSwiftPackageProductDependency;
			package = DAE65679251F28610070113A /* XCRemoteSwiftPackageReference "RxSwift" */;
			productName = RxTest;
		};
		DAE6567E251F28610070113A /* RxRelay */ = {
			isa = XCSwiftPackageProductDependency;
			package = DAE65679251F28610070113A /* XCRemoteSwiftPackageReference "RxSwift" */;
			productName = RxRelay;
		};
		DAE65680251F28610070113A /* RxCocoa */ = {
			isa = XCSwiftPackageProductDependency;
			package = DAE65679251F28610070113A /* XCRemoteSwiftPackageReference "RxSwift" */;
			productName = RxCocoa;
		};
		DAE65682251F28610070113A /* RxBlocking */ = {
			isa = XCSwiftPackageProductDependency;
			package = DAE65679251F28610070113A /* XCRemoteSwiftPackageReference "RxSwift" */;
			productName = RxBlocking;
		};
/* End XCSwiftPackageProductDependency section */
	};
	rootObject = DAD02EAD2519394600EBF02F /* Project object */;
}
